<?xml version="1.0" encoding="utf-8"?>
<Project ToolsVersion="4.0" xmlns="http://schemas.microsoft.com/developer/msbuild/2003">
  <ItemGroup>
    <Filter Include="Resource Files">
      <UniqueIdentifier>{67DA6AB6-F800-4c08-8B7A-83BB121AAD01}</UniqueIdentifier>
      <Extensions>rc;ico;cur;bmp;dlg;rc2;rct;bin;rgs;gif;jpg;jpeg;jpe;resx;tiff;tif;png;wav;mfcribbon-ms</Extensions>
    </Filter>
    <Filter Include="Source Files">
      <UniqueIdentifier>{95cf861c-92d7-41d5-a2c7-3e558f8bc9f8}</UniqueIdentifier>
      <Extensions>cpp;c;cc;cxx;def;odl;idl;hpj;bat;asm;asmx</Extensions>
    </Filter>
    <Filter Include="Header Files">
      <UniqueIdentifier>{4133a3fc-5e7c-49b9-8903-ecab4f7f2c46}</UniqueIdentifier>
      <Extensions>h;hpp;hxx;hm;inl;inc;xsd</Extensions>
    </Filter>
  </ItemGroup>
  <ItemGroup>
    <ResourceCompile Include="Win_Stuff.rc">
      <Filter>Resource Files</Filter>
    </ResourceCompile>
  </ItemGroup>
  <ItemGroup>
    <ClCompile Include="source\ai.cpp">
      <Filter>Source Files</Filter>
    </ClCompile>
    <ClCompile Include="source\App.cpp">
      <Filter>Source Files</Filter>
    </ClCompile>
    <ClCompile Include="source\Debug.cpp">
      <Filter>Source Files</Filter>
    </ClCompile>
    <ClCompile Include="source\Draw_Utility.cpp">
      <Filter>Source Files</Filter>
    </ClCompile>
    <ClCompile Include="source\Engine.cpp">
      <Filter>Source Files</Filter>
    </ClCompile>
    <ClCompile Include="source\Engine_Draw.cpp">
      <Filter>Source Files</Filter>
    </ClCompile>
    <ClCompile Include="source\Engine_Events.cpp">
      <Filter>Source Files</Filter>
    </ClCompile>
    <ClCompile Include="source\Functions.cpp">
      <Filter>Source Files</Filter>
    </ClCompile>
    <ClCompile Include="source\Game.cpp">
      <Filter>Source Files</Filter>
    </ClCompile>
    <ClCompile Include="source\Game_Draw.cpp">
      <Filter>Source Files</Filter>
    </ClCompile>
    <ClCompile Include="source\Game_Update.cpp">
      <Filter>Source Files</Filter>
    </ClCompile>
    <ClCompile Include="source\MainWinProc.cpp">
      <Filter>Source Files</Filter>
    </ClCompile>
    <ClCompile Include="source\myMath.cpp">
      <Filter>Source Files</Filter>
    </ClCompile>
    <ClCompile Include="source\OpenGL.cpp">
      <Filter>Source Files</Filter>
    </ClCompile>
    <ClCompile Include="source\OpenGL_Default.cpp">
      <Filter>Source Files</Filter>
    </ClCompile>
    <ClCompile Include="source\OpenGL_New.cpp">
      <Filter>Source Files</Filter>
    </ClCompile>
    <ClCompile Include="source\Particle_System.cpp">
      <Filter>Source Files</Filter>
    </ClCompile>
    <ClCompile Include="source\Resources.cpp">
      <Filter>Source Files</Filter>
    </ClCompile>
    <ClCompile Include="source\Screen.cpp">
      <Filter>Source Files</Filter>
    </ClCompile>
    <ClCompile Include="source\Screen_Draw.cpp">
      <Filter>Source Files</Filter>
    </ClCompile>
    <ClCompile Include="source\Screen_Menus.cpp">
      <Filter>Source Files</Filter>
    </ClCompile>
    <ClCompile Include="source\Threader.cpp">
      <Filter>Source Files</Filter>
    </ClCompile>
    <ClCompile Include="source\Timer.cpp">
      <Filter>Source Files</Filter>
    </ClCompile>
    <ClCompile Include="source\Utility.cpp">
      <Filter>Source Files</Filter>
    </ClCompile>
    <ClCompile Include="source\Win32_GUI.cpp">
      <Filter>Source Files</Filter>
    </ClCompile>
    <ClCompile Include="source\XBox.cpp">
      <Filter>Source Files</Filter>
    </ClCompile>
    <ClCompile Include="main.cpp">
      <Filter>Source Files</Filter>
    </ClCompile>
    <ClCompile Include="source\Object.cpp">
      <Filter>Source Files</Filter>
    </ClCompile>
  </ItemGroup>
  <ItemGroup>
    <ClInclude Include="source\ai.h">
      <Filter>Header Files</Filter>
    </ClInclude>
    <ClInclude Include="source\App.h">
      <Filter>Header Files</Filter>
    </ClInclude>
    <ClInclude Include="source\Colors.h">
      <Filter>Header Files</Filter>
    </ClInclude>
    <ClInclude Include="source\Core.h">
      <Filter>Header Files</Filter>
    </ClInclude>
    <ClInclude Include="source\Debug.h">
      <Filter>Header Files</Filter>
    </ClInclude>
    <ClInclude Include="source\Draw_Utility.h">
      <Filter>Header Files</Filter>
    </ClInclude>
    <ClInclude Include="source\Engine.h">
      <Filter>Header Files</Filter>
    </ClInclude>
    <ClInclude Include="source\Engine_Events.h">
      <Filter>Header Files</Filter>
    </ClInclude>
    <ClInclude Include="source\Functions.h">
      <Filter>Header Files</Filter>
    </ClInclude>
    <ClInclude Include="source\Game.h">
      <Filter>Header Files</Filter>
    </ClInclude>
    <ClInclude Include="source\Game_Draw.h">
      <Filter>Header Files</Filter>
    </ClInclude>
    <ClInclude Include="source\Game_Phys_Manager.h">
      <Filter>Header Files</Filter>
    </ClInclude>
    <ClInclude Include="source\myMath.h">
      <Filter>Header Files</Filter>
    </ClInclude>
    <ClInclude Include="source\OpenGL.h">
      <Filter>Header Files</Filter>
    </ClInclude>
    <ClInclude Include="source\Particle_System.h">
      <Filter>Header Files</Filter>
    </ClInclude>
    <ClInclude Include="source\Resources.h">
      <Filter>Header Files</Filter>
    </ClInclude>
    <ClInclude Include="source\Screen.h">
      <Filter>Header Files</Filter>
    </ClInclude>
    <ClInclude Include="source\Threader.h">
      <Filter>Header Files</Filter>
    </ClInclude>
    <ClInclude Include="source\Timer.h">
      <Filter>Header Files</Filter>
    </ClInclude>
    <ClInclude Include="source\Utility.h">
      <Filter>Header Files</Filter>
    </ClInclude>
    <ClInclude Include="source\Win_Stuff.h">
      <Filter>Header Files</Filter>
    </ClInclude>
    <ClInclude Include="source\Win32_GUI.h">
      <Filter>Header Files</Filter>
    </ClInclude>
    <ClInclude Include="source\XBox.h">
      <Filter>Header Files</Filter>
    </ClInclude>
    <ClInclude Include="source\Object.h">
      <Filter>Header Files</Filter>
    </ClInclude>
  </ItemGroup>
</Project>